
Microsoft Visual Studio Solution File, Format Version 12.00
# Visual Studio Version 16
VisualStudioVersion = 16.0.30011.22
MinimumVisualStudioVersion = 10.0.40219.1
Project("{FAE04EC0-301F-11D3-BF4B-00C04F79EFBC}") = "ScheduleJOB.Api", "ScheduleJOB.Api\ScheduleJOB.Api.csproj", "{F40BFD57-9C6B-4CD9-B0D3-C3D065E3EEF0}"
EndProject
Global
	GlobalSection(SolutionConfigurationPlatforms) = preSolution
		Debug|Any CPU = Debug|Any CPU
		Release|Any CPU = Release|Any CPU
	EndGlobalSection
	GlobalSection(ProjectConfigurationPlatforms) = postSolution
		{F40BFD57-9C6B-4CD9-B0D3-C3D065E3EEF0}.Debug|Any CPU.ActiveCfg = Debug|Any CPU
		{F40BFD57-9C6B-4CD9-B0D3-C3D065E3EEF0}.Debug|Any CPU.Build.0 = Debug|Any CPU
		{F40BFD57-9C6B-4CD9-B0D3-C3D065E3EEF0}.Release|Any CPU.ActiveCfg = Release|Any CPU
		{F40BFD57-9C6B-4CD9-B0D3-C3D065E3EEF0}.Release|Any CPU.Build.0 = Release|Any CPU
	EndGlobalSection
	GlobalSection(SolutionProperties) = preSolution
		HideSolutionNode = FALSE
	EndGlobalSection
	GlobalSection(ExtensibilityGlobals) = postSolution
		SolutionGuid = {61471C15-317F-484D-9391-702DDAE2816A}
	EndGlobalSection
EndGlobal
